{
  "originHash" : "8e78b1b42f91bada989504211a8f96d5276a928e0fa8cf041170e0608e72700e",
  "pins" : [
    {
      "identity" : "customalert",
      "kind" : "remoteSourceControl",
      "location" : "https://github.com/divadretlaw/CustomAlert.git",
      "state" : {
        "revision" : "f1385f9ac47eee85ac6297460223d467c7a7fb05",
        "version" : "4.0.3"
      }
    },
    {
      "identity" : "windowkit",
      "kind" : "remoteSourceControl",
      "location" : "https://github.com/divadretlaw/WindowKit",
      "state" : {
        "revision" : "d9a7d0fffaf1ddf390f88f5a0d1cd970df8d0309",
        "version" : "2.5.2"
      }
    },
    {
      "identity" : "windowreader",
      "kind" : "remoteSourceControl",
      "location" : "https://github.com/divadretlaw/WindowReader",
      "state" : {
        "revision" : "295d4e6c1aacd3c6a79e47c70f7b2745b8e0399e",
        "version" : "2.0.1"
      }
    },
    {
      "identity" : "windowscenereader",
      "kind" : "remoteSourceControl",
      "location" : "https://github.com/divadretlaw/WindowSceneReader",
      "state" : {
        "revision" : "1f37f310e15a9a58014f2dbfce29526e5f3f4567",
        "version" : "3.1.2"
      }
    }
  ],
  "version" : 3
}
