{
  "originHash" : "bb7a0d279e1687be7d927aac752213f9292d07baf7f3257a006d4fa35aaaff72",
  "pins" : [
    {
      "identity" : "customalert",
      "kind" : "remoteSourceControl",
      "location" : "https://github.com/divadretlaw/CustomAlert.git",
      "state" : {
        "revision" : "674e7c958cafd7b8fabd8fb9306883d99bd38f78",
        "version" : "4.1.0"
      }
    },
    {
      "identity" : "swift-system",
      "kind" : "remoteSourceControl",
      "location" : "https://github.com/apple/swift-system.git",
      "state" : {
        "revision" : "a34201439c74b53f0fd71ef11741af7e7caf01e1",
        "version" : "1.4.2"
      }
    },
    {
      "identity" : "windowkit",
      "kind" : "remoteSourceControl",
      "location" : "https://github.com/divadretlaw/WindowKit",
      "state" : {
        "revision" : "2e689d5ebf019ed3e7abffa4e6ddb06287f231e9",
        "version" : "2.6.1"
      }
    },
    {
      "identity" : "windowreader",
      "kind" : "remoteSourceControl",
      "location" : "https://github.com/divadretlaw/WindowReader",
      "state" : {
        "revision" : "fe6639ab9968e247bb44e98ae298cf23a137dd76",
        "version" : "3.0.0"
      }
    },
    {
      "identity" : "windowscenereader",
      "kind" : "remoteSourceControl",
      "location" : "https://github.com/divadretlaw/WindowSceneReader",
      "state" : {
        "revision" : "7321112ff9df9921256d31fa6d1a07ca5ab695b6",
        "version" : "3.2.0"
      }
    }
  ],
  "version" : 3
}
